// !$*UTF8*$!
{
	archiveVersion = 1;
	classes = {
	};
	objectVersion = 56;
	objects = {

/* Begin PBXBuildFile section */
		F871E77B2C17519A00F69C8A /* SwiftGitTestApp.swift in Sources */ = {isa = PBXBuildFile; fileRef = F871E77A2C17519A00F69C8A /* SwiftGitTestApp.swift */; };
		F871E77D2C17519A00F69C8A /* ContentView.swift in Sources */ = {isa = PBXBuildFile; fileRef = F871E77C2C17519A00F69C8A /* ContentView.swift */; };
		F871E77F2C17519C00F69C8A /* Assets.xcassets in Resources */ = {isa = PBXBuildFile; fileRef = F871E77E2C17519C00F69C8A /* Assets.xcassets */; };
		F871E7822C17519C00F69C8A /* Preview Assets.xcassets in Resources */ = {isa = PBXBuildFile; fileRef = F871E7812C17519C00F69C8A /* Preview Assets.xcassets */; };
		F871E7892C17A6C100F69C8A /* HomeView.swift in Sources */ = {isa = PBXBuildFile; fileRef = F871E7882C17A6C100F69C8A /* HomeView.swift */; };
		F871E78B2C17BE1100F69C8A /* SomeTestFile.swift in Sources */ = {isa = PBXBuildFile; fileRef = F871E78A2C17BE1100F69C8A /* SomeTestFile.swift */; };
		F871E78D2C17BE1F00F69C8A /* SomeTestFile2.swift in Sources */ = {isa = PBXBuildFile; fileRef = F871E78C2C17BE1F00F69C8A /* SomeTestFile2.swift */; };
		F871E78F2C18792B00F69C8A /* LoginView.swift in Sources */ = {isa = PBXBuildFile; fileRef = F871E78E2C18792B00F69C8A /* LoginView.swift */; };
		F871E7912C187A8800F69C8A /* SomeView.swift in Sources */ = {isa = PBXBuildFile; fileRef = F871E7902C187A8800F69C8A /* SomeView.swift */; };
		F871E7932C1A333500F69C8A /* SettingsView.swift in Sources */ = {isa = PBXBuildFile; fileRef = F871E7922C1A333500F69C8A /* SettingsView.swift */; };
		F871E7952C1DFCCC00F69C8A /* SomeViewForUnitTest.swift in Sources */ = {isa = PBXBuildFile; fileRef = F871E7942C1DFCCB00F69C8A /* SomeViewForUnitTest.swift */; };
		F871E7982C1DFD1000F69C8A /* SomeViewModelForUnitTest.swift in Sources */ = {isa = PBXBuildFile; fileRef = F871E7972C1DFD1000F69C8A /* SomeViewModelForUnitTest.swift */; };
		F871E7A02C1DFE1B00F69C8A /* SwiftGitTest_Tests.swift in Sources */ = {isa = PBXBuildFile; fileRef = F871E79F2C1DFE1B00F69C8A /* SwiftGitTest_Tests.swift */; };
		F871E7A72C1DFE6B00F69C8A /* SomeViewModelForUnitTest_Tests.swift in Sources */ = {isa = PBXBuildFile; fileRef = F871E7A62C1DFE6B00F69C8A /* SomeViewModelForUnitTest_Tests.swift */; };
		F871E7A92C24485200F69C8A /* MockDataManager.swift in Sources */ = {isa = PBXBuildFile; fileRef = F871E7A82C24485200F69C8A /* MockDataManager.swift */; };
		F871E7AB2C2450EA00F69C8A /* MockDataManager_Tests.swift in Sources */ = {isa = PBXBuildFile; fileRef = F871E7AA2C2450EA00F69C8A /* MockDataManager_Tests.swift */; };
		F871E7B32C28A6D400F69C8A /* SwiftGitTest_UITests.swift in Sources */ = {isa = PBXBuildFile; fileRef = F871E7B22C28A6D400F69C8A /* SwiftGitTest_UITests.swift */; };
		F871E7B52C28A6D400F69C8A /* SwiftGitTest_UITestsLaunchTests.swift in Sources */ = {isa = PBXBuildFile; fileRef = F871E7B42C28A6D400F69C8A /* SwiftGitTest_UITestsLaunchTests.swift */; };
		F871E7BD2C28A72000F69C8A /* UITestingView.swift in Sources */ = {isa = PBXBuildFile; fileRef = F871E7BC2C28A72000F69C8A /* UITestingView.swift */; };
		F871E7C22C28B0A200F69C8A /* UITestingView_UITests.swift in Sources */ = {isa = PBXBuildFile; fileRef = F871E7C12C28B0A200F69C8A /* UITestingView_UITests.swift */; };
/* End PBXBuildFile section */

/* Begin PBXContainerItemProxy section */
		F871E7A12C1DFE1B00F69C8A /* PBXContainerItemProxy */ = {
			isa = PBXContainerItemProxy;
			containerPortal = F871E76F2C17519A00F69C8A /* Project object */;
			proxyType = 1;
			remoteGlobalIDString = F871E7762C17519A00F69C8A;
			remoteInfo = SwiftGitTest;
		};
		F871E7B62C28A6D400F69C8A /* PBXContainerItemProxy */ = {
			isa = PBXContainerItemProxy;
			containerPortal = F871E76F2C17519A00F69C8A /* Project object */;
			proxyType = 1;
			remoteGlobalIDString = F871E7762C17519A00F69C8A;
			remoteInfo = SwiftGitTest;
		};
/* End PBXContainerItemProxy section */

/* Begin PBXFileReference section */
		F871E7772C17519A00F69C8A /* SwiftGitTest.app */ = {isa = PBXFileReference; explicitFileType = wrapper.application; includeInIndex = 0; path = SwiftGitTest.app; sourceTree = BUILT_PRODUCTS_DIR; };
		F871E77A2C17519A00F69C8A /* SwiftGitTestApp.swift */ = {isa = PBXFileReference; lastKnownFileType = sourcecode.swift; path = SwiftGitTestApp.swift; sourceTree = "<group>"; };
		F871E77C2C17519A00F69C8A /* ContentView.swift */ = {isa = PBXFileReference; lastKnownFileType = sourcecode.swift; path = ContentView.swift; sourceTree = "<group>"; };
		F871E77E2C17519C00F69C8A /* Assets.xcassets */ = {isa = PBXFileReference; lastKnownFileType = folder.assetcatalog; path = Assets.xcassets; sourceTree = "<group>"; };
		F871E7812C17519C00F69C8A /* Preview Assets.xcassets */ = {isa = PBXFileReference; lastKnownFileType = folder.assetcatalog; path = "Preview Assets.xcassets"; sourceTree = "<group>"; };
		F871E7882C17A6C100F69C8A /* HomeView.swift */ = {isa = PBXFileReference; lastKnownFileType = sourcecode.swift; path = HomeView.swift; sourceTree = "<group>"; };
		F871E78A2C17BE1100F69C8A /* SomeTestFile.swift */ = {isa = PBXFileReference; fileEncoding = 4; lastKnownFileType = sourcecode.swift; path = SomeTestFile.swift; sourceTree = "<group>"; };
		F871E78C2C17BE1F00F69C8A /* SomeTestFile2.swift */ = {isa = PBXFileReference; fileEncoding = 4; lastKnownFileType = sourcecode.swift; path = SomeTestFile2.swift; sourceTree = "<group>"; };
		F871E78E2C18792B00F69C8A /* LoginView.swift */ = {isa = PBXFileReference; lastKnownFileType = sourcecode.swift; path = LoginView.swift; sourceTree = "<group>"; };
		F871E7902C187A8800F69C8A /* SomeView.swift */ = {isa = PBXFileReference; lastKnownFileType = sourcecode.swift; path = SomeView.swift; sourceTree = "<group>"; };
		F871E7922C1A333500F69C8A /* SettingsView.swift */ = {isa = PBXFileReference; lastKnownFileType = sourcecode.swift; path = SettingsView.swift; sourceTree = "<group>"; };
		F871E7942C1DFCCB00F69C8A /* SomeViewForUnitTest.swift */ = {isa = PBXFileReference; lastKnownFileType = sourcecode.swift; path = SomeViewForUnitTest.swift; sourceTree = "<group>"; };
		F871E7972C1DFD1000F69C8A /* SomeViewModelForUnitTest.swift */ = {isa = PBXFileReference; lastKnownFileType = sourcecode.swift; path = SomeViewModelForUnitTest.swift; sourceTree = "<group>"; };
		F871E79D2C1DFE1A00F69C8A /* SwiftGitTest_Tests.xctest */ = {isa = PBXFileReference; explicitFileType = wrapper.cfbundle; includeInIndex = 0; path = SwiftGitTest_Tests.xctest; sourceTree = BUILT_PRODUCTS_DIR; };
		F871E79F2C1DFE1B00F69C8A /* SwiftGitTest_Tests.swift */ = {isa = PBXFileReference; lastKnownFileType = sourcecode.swift; path = SwiftGitTest_Tests.swift; sourceTree = "<group>"; };
		F871E7A62C1DFE6B00F69C8A /* SomeViewModelForUnitTest_Tests.swift */ = {isa = PBXFileReference; lastKnownFileType = sourcecode.swift; path = SomeViewModelForUnitTest_Tests.swift; sourceTree = "<group>"; };
		F871E7A82C24485200F69C8A /* MockDataManager.swift */ = {isa = PBXFileReference; lastKnownFileType = sourcecode.swift; path = MockDataManager.swift; sourceTree = "<group>"; };
		F871E7AA2C2450EA00F69C8A /* MockDataManager_Tests.swift */ = {isa = PBXFileReference; lastKnownFileType = sourcecode.swift; path = MockDataManager_Tests.swift; sourceTree = "<group>"; };
		F871E7B02C28A6D300F69C8A /* SwiftGitTest_UITests.xctest */ = {isa = PBXFileReference; explicitFileType = wrapper.cfbundle; includeInIndex = 0; path = SwiftGitTest_UITests.xctest; sourceTree = BUILT_PRODUCTS_DIR; };
		F871E7B22C28A6D400F69C8A /* SwiftGitTest_UITests.swift */ = {isa = PBXFileReference; lastKnownFileType = sourcecode.swift; path = SwiftGitTest_UITests.swift; sourceTree = "<group>"; };
		F871E7B42C28A6D400F69C8A /* SwiftGitTest_UITestsLaunchTests.swift */ = {isa = PBXFileReference; lastKnownFileType = sourcecode.swift; path = SwiftGitTest_UITestsLaunchTests.swift; sourceTree = "<group>"; };
		F871E7BC2C28A72000F69C8A /* UITestingView.swift */ = {isa = PBXFileReference; lastKnownFileType = sourcecode.swift; path = UITestingView.swift; sourceTree = "<group>"; };
		F871E7C12C28B0A200F69C8A /* UITestingView_UITests.swift */ = {isa = PBXFileReference; lastKnownFileType = sourcecode.swift; path = UITestingView_UITests.swift; sourceTree = "<group>"; };
/* End PBXFileReference section */

/* Begin PBXFrameworksBuildPhase section */
		F871E7742C17519A00F69C8A /* Frameworks */ = {
			isa = PBXFrameworksBuildPhase;
			buildActionMask = 2147483647;
			files = (
			);
			runOnlyForDeploymentPostprocessing = 0;
		};
		F871E79A2C1DFE1A00F69C8A /* Frameworks */ = {
			isa = PBXFrameworksBuildPhase;
			buildActionMask = 2147483647;
			files = (
			);
			runOnlyForDeploymentPostprocessing = 0;
		};
		F871E7AD2C28A6D300F69C8A /* Frameworks */ = {
			isa = PBXFrameworksBuildPhase;
			buildActionMask = 2147483647;
			files = (
			);
			runOnlyForDeploymentPostprocessing = 0;
		};
/* End PBXFrameworksBuildPhase section */

/* Begin PBXGroup section */
		F871E76E2C17519A00F69C8A = {
			isa = PBXGroup;
			children = (
				F871E7792C17519A00F69C8A /* SwiftGitTest */,
				F871E79E2C1DFE1B00F69C8A /* SwiftGitTest_Tests */,
				F871E7B12C28A6D400F69C8A /* SwiftGitTest_UITests */,
				F871E7782C17519A00F69C8A /* Products */,
			);
			sourceTree = "<group>";
		};
		F871E7782C17519A00F69C8A /* Products */ = {
			isa = PBXGroup;
			children = (
				F871E7772C17519A00F69C8A /* SwiftGitTest.app */,
				F871E79D2C1DFE1A00F69C8A /* SwiftGitTest_Tests.xctest */,
				F871E7B02C28A6D300F69C8A /* SwiftGitTest_UITests.xctest */,
			);
			name = Products;
			sourceTree = "<group>";
		};
		F871E7792C17519A00F69C8A /* SwiftGitTest */ = {
			isa = PBXGroup;
			children = (
				F871E77A2C17519A00F69C8A /* SwiftGitTestApp.swift */,
				F871E77C2C17519A00F69C8A /* ContentView.swift */,
				F871E7882C17A6C100F69C8A /* HomeView.swift */,
				F871E7902C187A8800F69C8A /* SomeView.swift */,
				F871E78A2C17BE1100F69C8A /* SomeTestFile.swift */,
				F871E78C2C17BE1F00F69C8A /* SomeTestFile2.swift */,
				F871E78E2C18792B00F69C8A /* LoginView.swift */,
				F871E7922C1A333500F69C8A /* SettingsView.swift */,
				F871E7962C1DFCEC00F69C8A /* UnitTest */,
				F871E7BE2C28A72600F69C8A /* UITest */,
				F871E77E2C17519C00F69C8A /* Assets.xcassets */,
				F871E7802C17519C00F69C8A /* Preview Content */,
			);
			path = SwiftGitTest;
			sourceTree = "<group>";
		};
		F871E7802C17519C00F69C8A /* Preview Content */ = {
			isa = PBXGroup;
			children = (
				F871E7812C17519C00F69C8A /* Preview Assets.xcassets */,
			);
			path = "Preview Content";
			sourceTree = "<group>";
		};
		F871E7962C1DFCEC00F69C8A /* UnitTest */ = {
			isa = PBXGroup;
			children = (
				F871E7942C1DFCCB00F69C8A /* SomeViewForUnitTest.swift */,
				F871E7972C1DFD1000F69C8A /* SomeViewModelForUnitTest.swift */,
				F871E7A82C24485200F69C8A /* MockDataManager.swift */,
			);
			path = UnitTest;
			sourceTree = "<group>";
		};
		F871E79E2C1DFE1B00F69C8A /* SwiftGitTest_Tests */ = {
			isa = PBXGroup;
			children = (
				F871E79F2C1DFE1B00F69C8A /* SwiftGitTest_Tests.swift */,
				F871E7A62C1DFE6B00F69C8A /* SomeViewModelForUnitTest_Tests.swift */,
				F871E7AA2C2450EA00F69C8A /* MockDataManager_Tests.swift */,
			);
			path = SwiftGitTest_Tests;
			sourceTree = "<group>";
		};
		F871E7B12C28A6D400F69C8A /* SwiftGitTest_UITests */ = {
			isa = PBXGroup;
			children = (
				F871E7B22C28A6D400F69C8A /* SwiftGitTest_UITests.swift */,
				F871E7B42C28A6D400F69C8A /* SwiftGitTest_UITestsLaunchTests.swift */,
				F871E7C12C28B0A200F69C8A /* UITestingView_UITests.swift */,
			);
			path = SwiftGitTest_UITests;
			sourceTree = "<group>";
		};
		F871E7BE2C28A72600F69C8A /* UITest */ = {
			isa = PBXGroup;
			children = (
				F871E7BC2C28A72000F69C8A /* UITestingView.swift */,
			);
			path = UITest;
			sourceTree = "<group>";
		};
/* End PBXGroup section */

/* Begin PBXNativeTarget section */
		F871E7762C17519A00F69C8A /* SwiftGitTest */ = {
			isa = PBXNativeTarget;
			buildConfigurationList = F871E7852C17519C00F69C8A /* Build configuration list for PBXNativeTarget "SwiftGitTest" */;
			buildPhases = (
				F871E7732C17519A00F69C8A /* Sources */,
				F871E7742C17519A00F69C8A /* Frameworks */,
				F871E7752C17519A00F69C8A /* Resources */,
			);
			buildRules = (
			);
			dependencies = (
			);
			name = SwiftGitTest;
			productName = SwiftGitTest;
			productReference = F871E7772C17519A00F69C8A /* SwiftGitTest.app */;
			productType = "com.apple.product-type.application";
		};
		F871E79C2C1DFE1A00F69C8A /* SwiftGitTest_Tests */ = {
			isa = PBXNativeTarget;
			buildConfigurationList = F871E7A32C1DFE1B00F69C8A /* Build configuration list for PBXNativeTarget "SwiftGitTest_Tests" */;
			buildPhases = (
				F871E7992C1DFE1A00F69C8A /* Sources */,
				F871E79A2C1DFE1A00F69C8A /* Frameworks */,
				F871E79B2C1DFE1A00F69C8A /* Resources */,
			);
			buildRules = (
			);
			dependencies = (
				F871E7A22C1DFE1B00F69C8A /* PBXTargetDependency */,
			);
			name = SwiftGitTest_Tests;
			productName = SwiftGitTest_Tests;
			productReference = F871E79D2C1DFE1A00F69C8A /* SwiftGitTest_Tests.xctest */;
			productType = "com.apple.product-type.bundle.unit-test";
		};
		F871E7AF2C28A6D300F69C8A /* SwiftGitTest_UITests */ = {
			isa = PBXNativeTarget;
			buildConfigurationList = F871E7BA2C28A6D400F69C8A /* Build configuration list for PBXNativeTarget "SwiftGitTest_UITests" */;
			buildPhases = (
				F871E7AC2C28A6D300F69C8A /* Sources */,
				F871E7AD2C28A6D300F69C8A /* Frameworks */,
				F871E7AE2C28A6D300F69C8A /* Resources */,
			);
			buildRules = (
			);
			dependencies = (
				F871E7B72C28A6D400F69C8A /* PBXTargetDependency */,
			);
			name = SwiftGitTest_UITests;
			productName = SwiftGitTest_UITests;
			productReference = F871E7B02C28A6D300F69C8A /* SwiftGitTest_UITests.xctest */;
			productType = "com.apple.product-type.bundle.ui-testing";
		};
/* End PBXNativeTarget section */

/* Begin PBXProject section */
		F871E76F2C17519A00F69C8A /* Project object */ = {
			isa = PBXProject;
			attributes = {
				BuildIndependentTargetsInParallel = 1;
				LastSwiftUpdateCheck = 1540;
				LastUpgradeCheck = 1540;
				TargetAttributes = {
					F871E7762C17519A00F69C8A = {
						CreatedOnToolsVersion = 15.4;
					};
					F871E79C2C1DFE1A00F69C8A = {
						CreatedOnToolsVersion = 15.4;
						TestTargetID = F871E7762C17519A00F69C8A;
					};
					F871E7AF2C28A6D300F69C8A = {
						CreatedOnToolsVersion = 15.4;
						TestTargetID = F871E7762C17519A00F69C8A;
					};
				};
			};
			buildConfigurationList = F871E7722C17519A00F69C8A /* Build configuration list for PBXProject "SwiftGitTest" */;
			compatibilityVersion = "Xcode 14.0";
			developmentRegion = en;
			hasScannedForEncodings = 0;
			knownRegions = (
				en,
				Base,
			);
			mainGroup = F871E76E2C17519A00F69C8A;
			packageReferences = (
				F871E7C02C28ABDB00F69C8A /* XCRemoteSwiftPackageReference "SwiftfulUI" */,
			);
			productRefGroup = F871E7782C17519A00F69C8A /* Products */;
			projectDirPath = "";
			projectRoot = "";
			targets = (
				F871E7762C17519A00F69C8A /* SwiftGitTest */,
				F871E79C2C1DFE1A00F69C8A /* SwiftGitTest_Tests */,
				F871E7AF2C28A6D300F69C8A /* SwiftGitTest_UITests */,
			);
		};
/* End PBXProject section */

/* Begin PBXResourcesBuildPhase section */
		F871E7752C17519A00F69C8A /* Resources */ = {
			isa = PBXResourcesBuildPhase;
			buildActionMask = 2147483647;
			files = (
				F871E7822C17519C00F69C8A /* Preview Assets.xcassets in Resources */,
				F871E77F2C17519C00F69C8A /* Assets.xcassets in Resources */,
			);
			runOnlyForDeploymentPostprocessing = 0;
		};
		F871E79B2C1DFE1A00F69C8A /* Resources */ = {
			isa = PBXResourcesBuildPhase;
			buildActionMask = 2147483647;
			files = (
			);
			runOnlyForDeploymentPostprocessing = 0;
		};
		F871E7AE2C28A6D300F69C8A /* Resources */ = {
			isa = PBXResourcesBuildPhase;
			buildActionMask = 2147483647;
			files = (
			);
			runOnlyForDeploymentPostprocessing = 0;
		};
/* End PBXResourcesBuildPhase section */

/* Begin PBXSourcesBuildPhase section */
		F871E7732C17519A00F69C8A /* Sources */ = {
			isa = PBXSourcesBuildPhase;
			buildActionMask = 2147483647;
			files = (
				F871E7912C187A8800F69C8A /* SomeView.swift in Sources */,
				F871E7932C1A333500F69C8A /* SettingsView.swift in Sources */,
				F871E78F2C18792B00F69C8A /* LoginView.swift in Sources */,
				F871E7952C1DFCCC00F69C8A /* SomeViewForUnitTest.swift in Sources */,
				F871E7892C17A6C100F69C8A /* HomeView.swift in Sources */,
				F871E7A92C24485200F69C8A /* MockDataManager.swift in Sources */,
				F871E78B2C17BE1100F69C8A /* SomeTestFile.swift in Sources */,
				F871E7982C1DFD1000F69C8A /* SomeViewModelForUnitTest.swift in Sources */,
				F871E78D2C17BE1F00F69C8A /* SomeTestFile2.swift in Sources */,
				F871E7BD2C28A72000F69C8A /* UITestingView.swift in Sources */,
				F871E77D2C17519A00F69C8A /* ContentView.swift in Sources */,
				F871E77B2C17519A00F69C8A /* SwiftGitTestApp.swift in Sources */,
			);
			runOnlyForDeploymentPostprocessing = 0;
		};
		F871E7992C1DFE1A00F69C8A /* Sources */ = {
			isa = PBXSourcesBuildPhase;
			buildActionMask = 2147483647;
			files = (
				F871E7AB2C2450EA00F69C8A /* MockDataManager_Tests.swift in Sources */,
				F871E7A72C1DFE6B00F69C8A /* SomeViewModelForUnitTest_Tests.swift in Sources */,
				F871E7A02C1DFE1B00F69C8A /* SwiftGitTest_Tests.swift in Sources */,
			);
			runOnlyForDeploymentPostprocessing = 0;
		};
		F871E7AC2C28A6D300F69C8A /* Sources */ = {
			isa = PBXSourcesBuildPhase;
			buildActionMask = 2147483647;
			files = (
				F871E7B32C28A6D400F69C8A /* SwiftGitTest_UITests.swift in Sources */,
				F871E7C22C28B0A200F69C8A /* UITestingView_UITests.swift in Sources */,
				F871E7B52C28A6D400F69C8A /* SwiftGitTest_UITestsLaunchTests.swift in Sources */,
			);
			runOnlyForDeploymentPostprocessing = 0;
		};
/* End PBXSourcesBuildPhase section */

/* Begin PBXTargetDependency section */
		F871E7A22C1DFE1B00F69C8A /* PBXTargetDependency */ = {
			isa = PBXTargetDependency;
			target = F871E7762C17519A00F69C8A /* SwiftGitTest */;
			targetProxy = F871E7A12C1DFE1B00F69C8A /* PBXContainerItemProxy */;
		};
		F871E7B72C28A6D400F69C8A /* PBXTargetDependency */ = {
			isa = PBXTargetDependency;
			target = F871E7762C17519A00F69C8A /* SwiftGitTest */;
			targetProxy = F871E7B62C28A6D400F69C8A /* PBXContainerItemProxy */;
		};
/* End PBXTargetDependency section */

/* Begin XCBuildConfiguration section */
		F871E7832C17519C00F69C8A /* Debug */ = {
			isa = XCBuildConfiguration;
			buildSettings = {
				ALWAYS_SEARCH_USER_PATHS = NO;
				ASSETCATALOG_COMPILER_GENERATE_SWIFT_ASSET_SYMBOL_EXTENSIONS = YES;
				CLANG_ANALYZER_NONNULL = YES;
				CLANG_ANALYZER_NUMBER_OBJECT_CONVERSION = YES_AGGRESSIVE;
				CLANG_CXX_LANGUAGE_STANDARD = "gnu++20";
				CLANG_ENABLE_MODULES = YES;
				CLANG_ENABLE_OBJC_ARC = YES;
				CLANG_ENABLE_OBJC_WEAK = YES;
				CLANG_WARN_BLOCK_CAPTURE_AUTORELEASING = YES;
				CLANG_WARN_BOOL_CONVERSION = YES;
				CLANG_WARN_COMMA = YES;
				CLANG_WARN_CONSTANT_CONVERSION = YES;
				CLANG_WARN_DEPRECATED_OBJC_IMPLEMENTATIONS = YES;
				CLANG_WARN_DIRECT_OBJC_ISA_USAGE = YES_ERROR;
				CLANG_WARN_DOCUMENTATION_COMMENTS = YES;
				CLANG_WARN_EMPTY_BODY = YES;
				CLANG_WARN_ENUM_CONVERSION = YES;
				CLANG_WARN_INFINITE_RECURSION = YES;
				CLANG_WARN_INT_CONVERSION = YES;
				CLANG_WARN_NON_LITERAL_NULL_CONVERSION = YES;
				CLANG_WARN_OBJC_IMPLICIT_RETAIN_SELF = YES;
				CLANG_WARN_OBJC_LITERAL_CONVERSION = YES;
				CLANG_WARN_OBJC_ROOT_CLASS = YES_ERROR;
				CLANG_WARN_QUOTED_INCLUDE_IN_FRAMEWORK_HEADER = YES;
				CLANG_WARN_RANGE_LOOP_ANALYSIS = YES;
				CLANG_WARN_STRICT_PROTOTYPES = YES;
				CLANG_WARN_SUSPICIOUS_MOVE = YES;
				CLANG_WARN_UNGUARDED_AVAILABILITY = YES_AGGRESSIVE;
				CLANG_WARN_UNREACHABLE_CODE = YES;
				CLANG_WARN__DUPLICATE_METHOD_MATCH = YES;
				COPY_PHASE_STRIP = NO;
				DEBUG_INFORMATION_FORMAT = dwarf;
				ENABLE_STRICT_OBJC_MSGSEND = YES;
				ENABLE_TESTABILITY = YES;
				ENABLE_USER_SCRIPT_SANDBOXING = YES;
				GCC_C_LANGUAGE_STANDARD = gnu17;
				GCC_DYNAMIC_NO_PIC = NO;
				GCC_NO_COMMON_BLOCKS = YES;
				GCC_OPTIMIZATION_LEVEL = 0;
				GCC_PREPROCESSOR_DEFINITIONS = (
					"DEBUG=1",
					"$(inherited)",
				);
				GCC_WARN_64_TO_32_BIT_CONVERSION = YES;
				GCC_WARN_ABOUT_RETURN_TYPE = YES_ERROR;
				GCC_WARN_UNDECLARED_SELECTOR = YES;
				GCC_WARN_UNINITIALIZED_AUTOS = YES_AGGRESSIVE;
				GCC_WARN_UNUSED_FUNCTION = YES;
				GCC_WARN_UNUSED_VARIABLE = YES;
				IPHONEOS_DEPLOYMENT_TARGET = 17.5;
				LOCALIZATION_PREFERS_STRING_CATALOGS = YES;
				MTL_ENABLE_DEBUG_INFO = INCLUDE_SOURCE;
				MTL_FAST_MATH = YES;
				ONLY_ACTIVE_ARCH = YES;
				SDKROOT = iphoneos;
				SWIFT_ACTIVE_COMPILATION_CONDITIONS = "DEBUG $(inherited)";
				SWIFT_OPTIMIZATION_LEVEL = "-Onone";
			};
			name = Debug;
		};
		F871E7842C17519C00F69C8A /* Release */ = {
			isa = XCBuildConfiguration;
			buildSettings = {
				ALWAYS_SEARCH_USER_PATHS = NO;
				ASSETCATALOG_COMPILER_GENERATE_SWIFT_ASSET_SYMBOL_EXTENSIONS = YES;
				CLANG_ANALYZER_NONNULL = YES;
				CLANG_ANALYZER_NUMBER_OBJECT_CONVERSION = YES_AGGRESSIVE;
				CLANG_CXX_LANGUAGE_STANDARD = "gnu++20";
				CLANG_ENABLE_MODULES = YES;
				CLANG_ENABLE_OBJC_ARC = YES;
				CLANG_ENABLE_OBJC_WEAK = YES;
				CLANG_WARN_BLOCK_CAPTURE_AUTORELEASING = YES;
				CLANG_WARN_BOOL_CONVERSION = YES;
				CLANG_WARN_COMMA = YES;
				CLANG_WARN_CONSTANT_CONVERSION = YES;
				CLANG_WARN_DEPRECATED_OBJC_IMPLEMENTATIONS = YES;
				CLANG_WARN_DIRECT_OBJC_ISA_USAGE = YES_ERROR;
				CLANG_WARN_DOCUMENTATION_COMMENTS = YES;
				CLANG_WARN_EMPTY_BODY = YES;
				CLANG_WARN_ENUM_CONVERSION = YES;
				CLANG_WARN_INFINITE_RECURSION = YES;
				CLANG_WARN_INT_CONVERSION = YES;
				CLANG_WARN_NON_LITERAL_NULL_CONVERSION = YES;
				CLANG_WARN_OBJC_IMPLICIT_RETAIN_SELF = YES;
				CLANG_WARN_OBJC_LITERAL_CONVERSION = YES;
				CLANG_WARN_OBJC_ROOT_CLASS = YES_ERROR;
				CLANG_WARN_QUOTED_INCLUDE_IN_FRAMEWORK_HEADER = YES;
				CLANG_WARN_RANGE_LOOP_ANALYSIS = YES;
				CLANG_WARN_STRICT_PROTOTYPES = YES;
				CLANG_WARN_SUSPICIOUS_MOVE = YES;
				CLANG_WARN_UNGUARDED_AVAILABILITY = YES_AGGRESSIVE;
				CLANG_WARN_UNREACHABLE_CODE = YES;
				CLANG_WARN__DUPLICATE_METHOD_MATCH = YES;
				COPY_PHASE_STRIP = NO;
				DEBUG_INFORMATION_FORMAT = "dwarf-with-dsym";
				ENABLE_NS_ASSERTIONS = NO;
				ENABLE_STRICT_OBJC_MSGSEND = YES;
				ENABLE_USER_SCRIPT_SANDBOXING = YES;
				GCC_C_LANGUAGE_STANDARD = gnu17;
				GCC_NO_COMMON_BLOCKS = YES;
				GCC_WARN_64_TO_32_BIT_CONVERSION = YES;
				GCC_WARN_ABOUT_RETURN_TYPE = YES_ERROR;
				GCC_WARN_UNDECLARED_SELECTOR = YES;
				GCC_WARN_UNINITIALIZED_AUTOS = YES_AGGRESSIVE;
				GCC_WARN_UNUSED_FUNCTION = YES;
				GCC_WARN_UNUSED_VARIABLE = YES;
				IPHONEOS_DEPLOYMENT_TARGET = 17.5;
				LOCALIZATION_PREFERS_STRING_CATALOGS = YES;
				MTL_ENABLE_DEBUG_INFO = NO;
				MTL_FAST_MATH = YES;
				SDKROOT = iphoneos;
				SWIFT_COMPILATION_MODE = wholemodule;
				VALIDATE_PRODUCT = YES;
			};
			name = Release;
		};
		F871E7862C17519C00F69C8A /* Debug */ = {
			isa = XCBuildConfiguration;
			buildSettings = {
				ASSETCATALOG_COMPILER_APPICON_NAME = AppIcon;
				ASSETCATALOG_COMPILER_GLOBAL_ACCENT_COLOR_NAME = AccentColor;
				CODE_SIGN_STYLE = Automatic;
				CURRENT_PROJECT_VERSION = 1;
				DEVELOPMENT_ASSET_PATHS = "\"SwiftGitTest/Preview Content\"";
				DEVELOPMENT_TEAM = GLVZ4657KM;
				ENABLE_PREVIEWS = YES;
				GENERATE_INFOPLIST_FILE = YES;
				INFOPLIST_KEY_UIApplicationSceneManifest_Generation = YES;
				INFOPLIST_KEY_UIApplicationSupportsIndirectInputEvents = YES;
				INFOPLIST_KEY_UILaunchScreen_Generation = YES;
				INFOPLIST_KEY_UISupportedInterfaceOrientations_iPad = "UIInterfaceOrientationPortrait UIInterfaceOrientationPortraitUpsideDown UIInterfaceOrientationLandscapeLeft UIInterfaceOrientationLandscapeRight";
				INFOPLIST_KEY_UISupportedInterfaceOrientations_iPhone = "UIInterfaceOrientationPortrait UIInterfaceOrientationLandscapeLeft UIInterfaceOrientationLandscapeRight";
				LD_RUNPATH_SEARCH_PATHS = (
					"$(inherited)",
					"@executable_path/Frameworks",
				);
				MARKETING_VERSION = 1.0.0;
				PRODUCT_BUNDLE_IDENTIFIER = com.gregfields.SwiftGitTest;
				PRODUCT_NAME = "$(TARGET_NAME)";
				SWIFT_EMIT_LOC_STRINGS = YES;
				SWIFT_VERSION = 5.0;
				TARGETED_DEVICE_FAMILY = "1,2";
			};
			name = Debug;
		};
		F871E7872C17519C00F69C8A /* Release */ = {
			isa = XCBuildConfiguration;
			buildSettings = {
				ASSETCATALOG_COMPILER_APPICON_NAME = AppIcon;
				ASSETCATALOG_COMPILER_GLOBAL_ACCENT_COLOR_NAME = AccentColor;
				CODE_SIGN_STYLE = Automatic;
				CURRENT_PROJECT_VERSION = 1;
				DEVELOPMENT_ASSET_PATHS = "\"SwiftGitTest/Preview Content\"";
				DEVELOPMENT_TEAM = GLVZ4657KM;
				ENABLE_PREVIEWS = YES;
				GENERATE_INFOPLIST_FILE = YES;
				INFOPLIST_KEY_UIApplicationSceneManifest_Generation = YES;
				INFOPLIST_KEY_UIApplicationSupportsIndirectInputEvents = YES;
				INFOPLIST_KEY_UILaunchScreen_Generation = YES;
				INFOPLIST_KEY_UISupportedInterfaceOrientations_iPad = "UIInterfaceOrientationPortrait UIInterfaceOrientationPortraitUpsideDown UIInterfaceOrientationLandscapeLeft UIInterfaceOrientationLandscapeRight";
				INFOPLIST_KEY_UISupportedInterfaceOrientations_iPhone = "UIInterfaceOrientationPortrait UIInterfaceOrientationLandscapeLeft UIInterfaceOrientationLandscapeRight";
				LD_RUNPATH_SEARCH_PATHS = (
					"$(inherited)",
					"@executable_path/Frameworks",
				);
				MARKETING_VERSION = 1.0.0;
				PRODUCT_BUNDLE_IDENTIFIER = com.gregfields.SwiftGitTest;
				PRODUCT_NAME = "$(TARGET_NAME)";
				SWIFT_EMIT_LOC_STRINGS = YES;
				SWIFT_VERSION = 5.0;
				TARGETED_DEVICE_FAMILY = "1,2";
			};
			name = Release;
		};
		F871E7A42C1DFE1B00F69C8A /* Debug */ = {
			isa = XCBuildConfiguration;
			buildSettings = {
				BUNDLE_LOADER = "$(TEST_HOST)";
				CODE_SIGN_STYLE = Automatic;
				CURRENT_PROJECT_VERSION = 1;
				DEVELOPMENT_TEAM = GLVZ4657KM;
				GENERATE_INFOPLIST_FILE = YES;
				MARKETING_VERSION = 1.0;
				PRODUCT_BUNDLE_IDENTIFIER = "com.gregfields.SwiftGitTest-Tests";
				PRODUCT_NAME = "$(TARGET_NAME)";
				SWIFT_EMIT_LOC_STRINGS = NO;
				SWIFT_VERSION = 5.0;
				TARGETED_DEVICE_FAMILY = "1,2";
				TEST_HOST = "$(BUILT_PRODUCTS_DIR)/SwiftGitTest.app/$(BUNDLE_EXECUTABLE_FOLDER_PATH)/SwiftGitTest";
			};
			name = Debug;
		};
		F871E7A52C1DFE1B00F69C8A /* Release */ = {
			isa = XCBuildConfiguration;
			buildSettings = {
				BUNDLE_LOADER = "$(TEST_HOST)";
				CODE_SIGN_STYLE = Automatic;
				CURRENT_PROJECT_VERSION = 1;
				DEVELOPMENT_TEAM = GLVZ4657KM;
				GENERATE_INFOPLIST_FILE = YES;
				MARKETING_VERSION = 1.0;
				PRODUCT_BUNDLE_IDENTIFIER = "com.gregfields.SwiftGitTest-Tests";
				PRODUCT_NAME = "$(TARGET_NAME)";
				SWIFT_EMIT_LOC_STRINGS = NO;
				SWIFT_VERSION = 5.0;
				TARGETED_DEVICE_FAMILY = "1,2";
				TEST_HOST = "$(BUILT_PRODUCTS_DIR)/SwiftGitTest.app/$(BUNDLE_EXECUTABLE_FOLDER_PATH)/SwiftGitTest";
			};
			name = Release;
		};
		F871E7B82C28A6D400F69C8A /* Debug */ = {
			isa = XCBuildConfiguration;
			buildSettings = {
				CODE_SIGN_STYLE = Automatic;
				CURRENT_PROJECT_VERSION = 1;
				DEVELOPMENT_TEAM = GLVZ4657KM;
				GENERATE_INFOPLIST_FILE = YES;
				MARKETING_VERSION = 1.0;
				PRODUCT_BUNDLE_IDENTIFIER = "com.gregfields.SwiftGitTest-UITests";
				PRODUCT_NAME = "$(TARGET_NAME)";
				SWIFT_EMIT_LOC_STRINGS = NO;
				SWIFT_VERSION = 5.0;
				TARGETED_DEVICE_FAMILY = "1,2";
				TEST_TARGET_NAME = SwiftGitTest;
			};
			name = Debug;
		};
		F871E7B92C28A6D400F69C8A /* Release */ = {
			isa = XCBuildConfiguration;
			buildSettings = {
				CODE_SIGN_STYLE = Automatic;
				CURRENT_PROJECT_VERSION = 1;
				DEVELOPMENT_TEAM = GLVZ4657KM;
				GENERATE_INFOPLIST_FILE = YES;
				MARKETING_VERSION = 1.0;
				PRODUCT_BUNDLE_IDENTIFIER = "com.gregfields.SwiftGitTest-UITests";
				PRODUCT_NAME = "$(TARGET_NAME)";
				SWIFT_EMIT_LOC_STRINGS = NO;
				SWIFT_VERSION = 5.0;
				TARGETED_DEVICE_FAMILY = "1,2";
				TEST_TARGET_NAME = SwiftGitTest;
			};
			name = Release;
		};
/* End XCBuildConfiguration section */

/* Begin XCConfigurationList section */
		F871E7722C17519A00F69C8A /* Build configuration list for PBXProject "SwiftGitTest" */ = {
			isa = XCConfigurationList;
			buildConfigurations = (
				F871E7832C17519C00F69C8A /* Debug */,
				F871E7842C17519C00F69C8A /* Release */,
			);
			defaultConfigurationIsVisible = 0;
			defaultConfigurationName = Release;
		};
		F871E7852C17519C00F69C8A /* Build configuration list for PBXNativeTarget "SwiftGitTest" */ = {
			isa = XCConfigurationList;
			buildConfigurations = (
				F871E7862C17519C00F69C8A /* Debug */,
				F871E7872C17519C00F69C8A /* Release */,
			);
			defaultConfigurationIsVisible = 0;
			defaultConfigurationName = Release;
		};
		F871E7A32C1DFE1B00F69C8A /* Build configuration list for PBXNativeTarget "SwiftGitTest_Tests" */ = {
			isa = XCConfigurationList;
			buildConfigurations = (
				F871E7A42C1DFE1B00F69C8A /* Debug */,
				F871E7A52C1DFE1B00F69C8A /* Release */,
			);
			defaultConfigurationIsVisible = 0;
			defaultConfigurationName = Release;
		};
		F871E7BA2C28A6D400F69C8A /* Build configuration list for PBXNativeTarget "SwiftGitTest_UITests" */ = {
			isa = XCConfigurationList;
			buildConfigurations = (
				F871E7B82C28A6D400F69C8A /* Debug */,
				F871E7B92C28A6D400F69C8A /* Release */,
			);
			defaultConfigurationIsVisible = 0;
			defaultConfigurationName = Release;
		};
/* End XCConfigurationList section */

/* Begin XCRemoteSwiftPackageReference section */
		F871E7C02C28ABDB00F69C8A /* XCRemoteSwiftPackageReference "SwiftfulUI" */ = {
			isa = XCRemoteSwiftPackageReference;
			repositoryURL = "https://github.com/SwiftfulThinking/SwiftfulUI.git";
			requirement = {
				kind = upToNextMajorVersion;
				minimumVersion = 1.2.0;
			};
		};
/* End XCRemoteSwiftPackageReference section */
	};
	rootObject = F871E76F2C17519A00F69C8A /* Project object */;
}
