// !$*UTF8*$!
{
	archiveVersion = 1;
	classes = {
	};
	objectVersion = 56;
	objects = {

/* Begin PBXBuildFile section */
		F871E77B2C17519A00F69C8A /* SwiftGitTestApp.swift in Sources */ = {isa = PBXBuildFile; fileRef = F871E77A2C17519A00F69C8A /* SwiftGitTestApp.swift */; };
		F871E77D2C17519A00F69C8A /* ContentView.swift in Sources */ = {isa = PBXBuildFile; fileRef = F871E77C2C17519A00F69C8A /* ContentView.swift */; };
		F871E77F2C17519C00F69C8A /* Assets.xcassets in Resources */ = {isa = PBXBuildFile; fileRef = F871E77E2C17519C00F69C8A /* Assets.xcassets */; };
		F871E7822C17519C00F69C8A /* Preview Assets.xcassets in Resources */ = {isa = PBXBuildFile; fileRef = F871E7812C17519C00F69C8A /* Preview Assets.xcassets */; };
		F871E7892C17A6C100F69C8A /* HomeView.swift in Sources */ = {isa = PBXBuildFile; fileRef = F871E7882C17A6C100F69C8A /* HomeView.swift */; };
		F871E7912C187A8800F69C8A /* SomeView.swift in Sources */ = {isa = PBXBuildFile; fileRef = F871E7902C187A8800F69C8A /* SomeView.swift */; };
		F871E78B2C17BE1100F69C8A /* SomeTestFile.swift in Sources */ = {isa = PBXBuildFile; fileRef = F871E78A2C17BE1100F69C8A /* SomeTestFile.swift */; };
		F871E78D2C17BE1F00F69C8A /* SomeTestFile2.swift in Sources */ = {isa = PBXBuildFile; fileRef = F871E78C2C17BE1F00F69C8A /* SomeTestFile2.swift */; };
		F871E78F2C18792B00F69C8A /* LoginView.swift in Sources */ = {isa = PBXBuildFile; fileRef = F871E78E2C18792B00F69C8A /* LoginView.swift */; };
/* End PBXBuildFile section */

/* Begin PBXFileReference section */
		F871E7772C17519A00F69C8A /* SwiftGitTest.app */ = {isa = PBXFileReference; explicitFileType = wrapper.application; includeInIndex = 0; path = SwiftGitTest.app; sourceTree = BUILT_PRODUCTS_DIR; };
		F871E77A2C17519A00F69C8A /* SwiftGitTestApp.swift */ = {isa = PBXFileReference; lastKnownFileType = sourcecode.swift; path = SwiftGitTestApp.swift; sourceTree = "<group>"; };
		F871E77C2C17519A00F69C8A /* ContentView.swift */ = {isa = PBXFileReference; lastKnownFileType = sourcecode.swift; path = ContentView.swift; sourceTree = "<group>"; };
		F871E77E2C17519C00F69C8A /* Assets.xcassets */ = {isa = PBXFileReference; lastKnownFileType = folder.assetcatalog; path = Assets.xcassets; sourceTree = "<group>"; };
		F871E7812C17519C00F69C8A /* Preview Assets.xcassets */ = {isa = PBXFileReference; lastKnownFileType = folder.assetcatalog; path = "Preview Assets.xcassets"; sourceTree = "<group>"; };
		F871E7882C17A6C100F69C8A /* HomeView.swift */ = {isa = PBXFileReference; lastKnownFileType = sourcecode.swift; path = HomeView.swift; sourceTree = "<group>"; };
		F871E7902C187A8800F69C8A /* SomeView.swift */ = {isa = PBXFileReference; lastKnownFileType = sourcecode.swift; path = SomeView.swift; sourceTree = "<group>"; };
		F871E78A2C17BE1100F69C8A /* SomeTestFile.swift */ = {isa = PBXFileReference; fileEncoding = 4; lastKnownFileType = sourcecode.swift; path = SomeTestFile.swift; sourceTree = "<group>"; };
		F871E78C2C17BE1F00F69C8A /* SomeTestFile2.swift */ = {isa = PBXFileReference; fileEncoding = 4; lastKnownFileType = sourcecode.swift; path = SomeTestFile2.swift; sourceTree = "<group>"; };
		F871E78E2C18792B00F69C8A /* LoginView.swift */ = {isa = PBXFileReference; lastKnownFileType = sourcecode.swift; path = LoginView.swift; sourceTree = "<group>"; };
/* End PBXFileReference section */

/* Begin PBXFrameworksBuildPhase section */
		F871E7742C17519A00F69C8A /* Frameworks */ = {
			isa = PBXFrameworksBuildPhase;
			buildActionMask = 2147483647;
			files = (
			);
			runOnlyForDeploymentPostprocessing = 0;
		};
/* End PBXFrameworksBuildPhase section */

/* Begin PBXGroup section */
		F871E76E2C17519A00F69C8A = {
			isa = PBXGroup;
			children = (
				F871E7792C17519A00F69C8A /* SwiftGitTest */,
				F871E7782C17519A00F69C8A /* Products */,
			);
			sourceTree = "<group>";
		};
		F871E7782C17519A00F69C8A /* Products */ = {
			isa = PBXGroup;
			children = (
				F871E7772C17519A00F69C8A /* SwiftGitTest.app */,
			);
			name = Products;
			sourceTree = "<group>";
		};
		F871E7792C17519A00F69C8A /* SwiftGitTest */ = {
			isa = PBXGroup;
			children = (
				F871E77A2C17519A00F69C8A /* SwiftGitTestApp.swift */,
				F871E77C2C17519A00F69C8A /* ContentView.swift */,
				F871E7882C17A6C100F69C8A /* HomeView.swift */,
				F871E7902C187A8800F69C8A /* SomeView.swift */,
				F871E78A2C17BE1100F69C8A /* SomeTestFile.swift */,
				F871E78C2C17BE1F00F69C8A /* SomeTestFile2.swift */,
				F871E78E2C18792B00F69C8A /* LoginView.swift */,
				F871E77E2C17519C00F69C8A /* Assets.xcassets */,
				F871E7802C17519C00F69C8A /* Preview Content */,
			);
			path = SwiftGitTest;
			sourceTree = "<group>";
		};
		F871E7802C17519C00F69C8A /* Preview Content */ = {
			isa = PBXGroup;
			children = (
				F871E7812C17519C00F69C8A /* Preview Assets.xcassets */,
			);
			path = "Preview Content";
			sourceTree = "<group>";
		};
/* End PBXGroup section */

/* Begin PBXNativeTarget section */
		F871E7762C17519A00F69C8A /* SwiftGitTest */ = {
			isa = PBXNativeTarget;
			buildConfigurationList = F871E7852C17519C00F69C8A /* Build configuration list for PBXNativeTarget "SwiftGitTest" */;
			buildPhases = (
				F871E7732C17519A00F69C8A /* Sources */,
				F871E7742C17519A00F69C8A /* Frameworks */,
				F871E7752C17519A00F69C8A /* Resources */,
			);
			buildRules = (
			);
			dependencies = (
			);
			name = SwiftGitTest;
			productName = SwiftGitTest;
			productReference = F871E7772C17519A00F69C8A /* SwiftGitTest.app */;
			productType = "com.apple.product-type.application";
		};
/* End PBXNativeTarget section */

/* Begin PBXProject section */
		F871E76F2C17519A00F69C8A /* Project object */ = {
			isa = PBXProject;
			attributes = {
				BuildIndependentTargetsInParallel = 1;
				LastSwiftUpdateCheck = 1540;
				LastUpgradeCheck = 1540;
				TargetAttributes = {
					F871E7762C17519A00F69C8A = {
						CreatedOnToolsVersion = 15.4;
					};
				};
			};
			buildConfigurationList = F871E7722C17519A00F69C8A /* Build configuration list for PBXProject "SwiftGitTest" */;
			compatibilityVersion = "Xcode 14.0";
			developmentRegion = en;
			hasScannedForEncodings = 0;
			knownRegions = (
				en,
				Base,
			);
			mainGroup = F871E76E2C17519A00F69C8A;
			productRefGroup = F871E7782C17519A00F69C8A /* Products */;
			projectDirPath = "";
			projectRoot = "";
			targets = (
				F871E7762C17519A00F69C8A /* SwiftGitTest */,
			);
		};
/* End PBXProject section */

/* Begin PBXResourcesBuildPhase section */
		F871E7752C17519A00F69C8A /* Resources */ = {
			isa = PBXResourcesBuildPhase;
			buildActionMask = 2147483647;
			files = (
				F871E7822C17519C00F69C8A /* Preview Assets.xcassets in Resources */,
				F871E77F2C17519C00F69C8A /* Assets.xcassets in Resources */,
			);
			runOnlyForDeploymentPostprocessing = 0;
		};
/* End PBXResourcesBuildPhase section */

/* Begin PBXSourcesBuildPhase section */
		F871E7732C17519A00F69C8A /* Sources */ = {
			isa = PBXSourcesBuildPhase;
			buildActionMask = 2147483647;
			files = (
				F871E7912C187A8800F69C8A /* SomeView.swift in Sources */,
				F871E78F2C18792B00F69C8A /* LoginView.swift in Sources */,
				F871E7892C17A6C100F69C8A /* HomeView.swift in Sources */,
				F871E78B2C17BE1100F69C8A /* SomeTestFile.swift in Sources */,
				F871E78D2C17BE1F00F69C8A /* SomeTestFile2.swift in Sources */,
				F871E77D2C17519A00F69C8A /* ContentView.swift in Sources */,
				F871E77B2C17519A00F69C8A /* SwiftGitTestApp.swift in Sources */,
			);
			runOnlyForDeploymentPostprocessing = 0;
		};
/* End PBXSourcesBuildPhase section */

/* Begin XCBuildConfiguration section */
		F871E7832C17519C00F69C8A /* Debug */ = {
			isa = XCBuildConfiguration;
			buildSettings = {
				ALWAYS_SEARCH_USER_PATHS = NO;
				ASSETCATALOG_COMPILER_GENERATE_SWIFT_ASSET_SYMBOL_EXTENSIONS = YES;
				CLANG_ANALYZER_NONNULL = YES;
				CLANG_ANALYZER_NUMBER_OBJECT_CONVERSION = YES_AGGRESSIVE;
				CLANG_CXX_LANGUAGE_STANDARD = "gnu++20";
				CLANG_ENABLE_MODULES = YES;
				CLANG_ENABLE_OBJC_ARC = YES;
				CLANG_ENABLE_OBJC_WEAK = YES;
				CLANG_WARN_BLOCK_CAPTURE_AUTORELEASING = YES;
				CLANG_WARN_BOOL_CONVERSION = YES;
				CLANG_WARN_COMMA = YES;
				CLANG_WARN_CONSTANT_CONVERSION = YES;
				CLANG_WARN_DEPRECATED_OBJC_IMPLEMENTATIONS = YES;
				CLANG_WARN_DIRECT_OBJC_ISA_USAGE = YES_ERROR;
				CLANG_WARN_DOCUMENTATION_COMMENTS = YES;
				CLANG_WARN_EMPTY_BODY = YES;
				CLANG_WARN_ENUM_CONVERSION = YES;
				CLANG_WARN_INFINITE_RECURSION = YES;
				CLANG_WARN_INT_CONVERSION = YES;
				CLANG_WARN_NON_LITERAL_NULL_CONVERSION = YES;
				CLANG_WARN_OBJC_IMPLICIT_RETAIN_SELF = YES;
				CLANG_WARN_OBJC_LITERAL_CONVERSION = YES;
				CLANG_WARN_OBJC_ROOT_CLASS = YES_ERROR;
				CLANG_WARN_QUOTED_INCLUDE_IN_FRAMEWORK_HEADER = YES;
				CLANG_WARN_RANGE_LOOP_ANALYSIS = YES;
				CLANG_WARN_STRICT_PROTOTYPES = YES;
				CLANG_WARN_SUSPICIOUS_MOVE = YES;
				CLANG_WARN_UNGUARDED_AVAILABILITY = YES_AGGRESSIVE;
				CLANG_WARN_UNREACHABLE_CODE = YES;
				CLANG_WARN__DUPLICATE_METHOD_MATCH = YES;
				COPY_PHASE_STRIP = NO;
				DEBUG_INFORMATION_FORMAT = dwarf;
				ENABLE_STRICT_OBJC_MSGSEND = YES;
				ENABLE_TESTABILITY = YES;
				ENABLE_USER_SCRIPT_SANDBOXING = YES;
				GCC_C_LANGUAGE_STANDARD = gnu17;
				GCC_DYNAMIC_NO_PIC = NO;
				GCC_NO_COMMON_BLOCKS = YES;
				GCC_OPTIMIZATION_LEVEL = 0;
				GCC_PREPROCESSOR_DEFINITIONS = (
					"DEBUG=1",
					"$(inherited)",
				);
				GCC_WARN_64_TO_32_BIT_CONVERSION = YES;
				GCC_WARN_ABOUT_RETURN_TYPE = YES_ERROR;
				GCC_WARN_UNDECLARED_SELECTOR = YES;
				GCC_WARN_UNINITIALIZED_AUTOS = YES_AGGRESSIVE;
				GCC_WARN_UNUSED_FUNCTION = YES;
				GCC_WARN_UNUSED_VARIABLE = YES;
				IPHONEOS_DEPLOYMENT_TARGET = 17.5;
				LOCALIZATION_PREFERS_STRING_CATALOGS = YES;
				MTL_ENABLE_DEBUG_INFO = INCLUDE_SOURCE;
				MTL_FAST_MATH = YES;
				ONLY_ACTIVE_ARCH = YES;
				SDKROOT = iphoneos;
				SWIFT_ACTIVE_COMPILATION_CONDITIONS = "DEBUG $(inherited)";
				SWIFT_OPTIMIZATION_LEVEL = "-Onone";
			};
			name = Debug;
		};
		F871E7842C17519C00F69C8A /* Release */ = {
			isa = XCBuildConfiguration;
			buildSettings = {
				ALWAYS_SEARCH_USER_PATHS = NO;
				ASSETCATALOG_COMPILER_GENERATE_SWIFT_ASSET_SYMBOL_EXTENSIONS = YES;
				CLANG_ANALYZER_NONNULL = YES;
				CLANG_ANALYZER_NUMBER_OBJECT_CONVERSION = YES_AGGRESSIVE;
				CLANG_CXX_LANGUAGE_STANDARD = "gnu++20";
				CLANG_ENABLE_MODULES = YES;
				CLANG_ENABLE_OBJC_ARC = YES;
				CLANG_ENABLE_OBJC_WEAK = YES;
				CLANG_WARN_BLOCK_CAPTURE_AUTORELEASING = YES;
				CLANG_WARN_BOOL_CONVERSION = YES;
				CLANG_WARN_COMMA = YES;
				CLANG_WARN_CONSTANT_CONVERSION = YES;
				CLANG_WARN_DEPRECATED_OBJC_IMPLEMENTATIONS = YES;
				CLANG_WARN_DIRECT_OBJC_ISA_USAGE = YES_ERROR;
				CLANG_WARN_DOCUMENTATION_COMMENTS = YES;
				CLANG_WARN_EMPTY_BODY = YES;
				CLANG_WARN_ENUM_CONVERSION = YES;
				CLANG_WARN_INFINITE_RECURSION = YES;
				CLANG_WARN_INT_CONVERSION = YES;
				CLANG_WARN_NON_LITERAL_NULL_CONVERSION = YES;
				CLANG_WARN_OBJC_IMPLICIT_RETAIN_SELF = YES;
				CLANG_WARN_OBJC_LITERAL_CONVERSION = YES;
				CLANG_WARN_OBJC_ROOT_CLASS = YES_ERROR;
				CLANG_WARN_QUOTED_INCLUDE_IN_FRAMEWORK_HEADER = YES;
				CLANG_WARN_RANGE_LOOP_ANALYSIS = YES;
				CLANG_WARN_STRICT_PROTOTYPES = YES;
				CLANG_WARN_SUSPICIOUS_MOVE = YES;
				CLANG_WARN_UNGUARDED_AVAILABILITY = YES_AGGRESSIVE;
				CLANG_WARN_UNREACHABLE_CODE = YES;
				CLANG_WARN__DUPLICATE_METHOD_MATCH = YES;
				COPY_PHASE_STRIP = NO;
				DEBUG_INFORMATION_FORMAT = "dwarf-with-dsym";
				ENABLE_NS_ASSERTIONS = NO;
				ENABLE_STRICT_OBJC_MSGSEND = YES;
				ENABLE_USER_SCRIPT_SANDBOXING = YES;
				GCC_C_LANGUAGE_STANDARD = gnu17;
				GCC_NO_COMMON_BLOCKS = YES;
				GCC_WARN_64_TO_32_BIT_CONVERSION = YES;
				GCC_WARN_ABOUT_RETURN_TYPE = YES_ERROR;
				GCC_WARN_UNDECLARED_SELECTOR = YES;
				GCC_WARN_UNINITIALIZED_AUTOS = YES_AGGRESSIVE;
				GCC_WARN_UNUSED_FUNCTION = YES;
				GCC_WARN_UNUSED_VARIABLE = YES;
				IPHONEOS_DEPLOYMENT_TARGET = 17.5;
				LOCALIZATION_PREFERS_STRING_CATALOGS = YES;
				MTL_ENABLE_DEBUG_INFO = NO;
				MTL_FAST_MATH = YES;
				SDKROOT = iphoneos;
				SWIFT_COMPILATION_MODE = wholemodule;
				VALIDATE_PRODUCT = YES;
			};
			name = Release;
		};
		F871E7862C17519C00F69C8A /* Debug */ = {
			isa = XCBuildConfiguration;
			buildSettings = {
				ASSETCATALOG_COMPILER_APPICON_NAME = AppIcon;
				ASSETCATALOG_COMPILER_GLOBAL_ACCENT_COLOR_NAME = AccentColor;
				CODE_SIGN_STYLE = Automatic;
				CURRENT_PROJECT_VERSION = 1;
				DEVELOPMENT_ASSET_PATHS = "\"SwiftGitTest/Preview Content\"";
				DEVELOPMENT_TEAM = GLVZ4657KM;
				ENABLE_PREVIEWS = YES;
				GENERATE_INFOPLIST_FILE = YES;
				INFOPLIST_KEY_UIApplicationSceneManifest_Generation = YES;
				INFOPLIST_KEY_UIApplicationSupportsIndirectInputEvents = YES;
				INFOPLIST_KEY_UILaunchScreen_Generation = YES;
				INFOPLIST_KEY_UISupportedInterfaceOrientations_iPad = "UIInterfaceOrientationPortrait UIInterfaceOrientationPortraitUpsideDown UIInterfaceOrientationLandscapeLeft UIInterfaceOrientationLandscapeRight";
				INFOPLIST_KEY_UISupportedInterfaceOrientations_iPhone = "UIInterfaceOrientationPortrait UIInterfaceOrientationLandscapeLeft UIInterfaceOrientationLandscapeRight";
				LD_RUNPATH_SEARCH_PATHS = (
					"$(inherited)",
					"@executable_path/Frameworks",
				);
				MARKETING_VERSION = 1.0;
				PRODUCT_BUNDLE_IDENTIFIER = com.gregfields.SwiftGitTest;
				PRODUCT_NAME = "$(TARGET_NAME)";
				SWIFT_EMIT_LOC_STRINGS = YES;
				SWIFT_VERSION = 5.0;
				TARGETED_DEVICE_FAMILY = "1,2";
			};
			name = Debug;
		};
		F871E7872C17519C00F69C8A /* Release */ = {
			isa = XCBuildConfiguration;
			buildSettings = {
				ASSETCATALOG_COMPILER_APPICON_NAME = AppIcon;
				ASSETCATALOG_COMPILER_GLOBAL_ACCENT_COLOR_NAME = AccentColor;
				CODE_SIGN_STYLE = Automatic;
				CURRENT_PROJECT_VERSION = 1;
				DEVELOPMENT_ASSET_PATHS = "\"SwiftGitTest/Preview Content\"";
				DEVELOPMENT_TEAM = GLVZ4657KM;
				ENABLE_PREVIEWS = YES;
				GENERATE_INFOPLIST_FILE = YES;
				INFOPLIST_KEY_UIApplicationSceneManifest_Generation = YES;
				INFOPLIST_KEY_UIApplicationSupportsIndirectInputEvents = YES;
				INFOPLIST_KEY_UILaunchScreen_Generation = YES;
				INFOPLIST_KEY_UISupportedInterfaceOrientations_iPad = "UIInterfaceOrientationPortrait UIInterfaceOrientationPortraitUpsideDown UIInterfaceOrientationLandscapeLeft UIInterfaceOrientationLandscapeRight";
				INFOPLIST_KEY_UISupportedInterfaceOrientations_iPhone = "UIInterfaceOrientationPortrait UIInterfaceOrientationLandscapeLeft UIInterfaceOrientationLandscapeRight";
				LD_RUNPATH_SEARCH_PATHS = (
					"$(inherited)",
					"@executable_path/Frameworks",
				);
				MARKETING_VERSION = 1.0;
				PRODUCT_BUNDLE_IDENTIFIER = com.gregfields.SwiftGitTest;
				PRODUCT_NAME = "$(TARGET_NAME)";
				SWIFT_EMIT_LOC_STRINGS = YES;
				SWIFT_VERSION = 5.0;
				TARGETED_DEVICE_FAMILY = "1,2";
			};
			name = Release;
		};
/* End XCBuildConfiguration section */

/* Begin XCConfigurationList section */
		F871E7722C17519A00F69C8A /* Build configuration list for PBXProject "SwiftGitTest" */ = {
			isa = XCConfigurationList;
			buildConfigurations = (
				F871E7832C17519C00F69C8A /* Debug */,
				F871E7842C17519C00F69C8A /* Release */,
			);
			defaultConfigurationIsVisible = 0;
			defaultConfigurationName = Release;
		};
		F871E7852C17519C00F69C8A /* Build configuration list for PBXNativeTarget "SwiftGitTest" */ = {
			isa = XCConfigurationList;
			buildConfigurations = (
				F871E7862C17519C00F69C8A /* Debug */,
				F871E7872C17519C00F69C8A /* Release */,
			);
			defaultConfigurationIsVisible = 0;
			defaultConfigurationName = Release;
		};
/* End XCConfigurationList section */
	};
	rootObject = F871E76F2C17519A00F69C8A /* Project object */;
}
